dependencies:
- name: toolhive-operator-crds
  repository: https://stacklok.github.io/toolhive
  version: 0.0.34
- name: toolhive-operator
  repository: https://stacklok.github.io/toolhive
  version: 0.2.21
digest: sha256:d45b238776d1e4636321522cf7822b729ccca46af7313f612b28187722e13119
generated: "2025-10-10T17:05:47.086697116-04:00"
