dependencies:
- name: toolhive-operator-crds
  repository: https://stacklok.github.io/toolhive
  version: 0.0.18
- name: toolhive-operator
  repository: https://stacklok.github.io/toolhive
  version: 0.2.6
digest: sha256:79b89c2b8599abf3be84df96b5e34fe79d154445f109ba132f1a9422fee8c3c5
generated: "2025-09-16T11:54:46.945869-04:00"
