github.com/rh-ai-kickstart/ai-architecture-charts/mcp-servers/mcpproxy v0.0.0-20260112200911-3c502cb8d0cf h1:10buuesE5RqeYQTcTQMDoCgtoakC6wJ88CrOG6RKiDk=
github.com/rh-ai-kickstart/ai-architecture-charts/mcp-servers/mcpproxy v0.0.0-20260112200911-3c502cb8d0cf/go.mod h1:7jWenu7k5zLoBonH587RVtAgeRY5137KsdoDtBOxQFk=
